
Microsoft Visual Studio Solution File, Format Version 12.00
# Visual Studio Version 17
VisualStudioVersion = 17.4.33213.308
MinimumVisualStudioVersion = 10.0.40219.1
Project("{FAE04EC0-301F-11D3-BF4B-00C04F79EFBC}") = "WinKolmNurk", "WinKolmNurk.csproj", "{6CE7DBE2-E6B5-4B4A-8C7E-9FC12303ADB4}"
EndProject
Global
	GlobalSection(SolutionConfigurationPlatforms) = preSolution
		Debug|Any CPU = Debug|Any CPU
		Release|Any CPU = Release|Any CPU
	EndGlobalSection
	GlobalSection(ProjectConfigurationPlatforms) = postSolution
		{6CE7DBE2-E6B5-4B4A-8C7E-9FC12303ADB4}.Debug|Any CPU.ActiveCfg = Debug|Any CPU
		{6CE7DBE2-E6B5-4B4A-8C7E-9FC12303ADB4}.Debug|Any CPU.Build.0 = Debug|Any CPU
		{6CE7DBE2-E6B5-4B4A-8C7E-9FC12303ADB4}.Release|Any CPU.ActiveCfg = Release|Any CPU
		{6CE7DBE2-E6B5-4B4A-8C7E-9FC12303ADB4}.Release|Any CPU.Build.0 = Release|Any CPU
	EndGlobalSection
	GlobalSection(SolutionProperties) = preSolution
		HideSolutionNode = FALSE
	EndGlobalSection
	GlobalSection(ExtensibilityGlobals) = postSolution
		SolutionGuid = {F923EA4D-3BB6-4172-AE51-E67804B938C8}
	EndGlobalSection
EndGlobal
